// !$*UTF8*$!
{
	archiveVersion = 1;
	classes = {
	};
	objectVersion = 50;
	objects = {

/* Begin PBXBuildFile section */
		10B41981271A2E3900D0C518 /* AppDelegate.swift in Sources */ = {isa = PBXBuildFile; fileRef = 10B41980271A2E3900D0C518 /* AppDelegate.swift */; };
		10B41983271A2E3900D0C518 /* SceneDelegate.swift in Sources */ = {isa = PBXBuildFile; fileRef = 10B41982271A2E3900D0C518 /* SceneDelegate.swift */; };
		10B41985271A2E3900D0C518 /* ViewController.swift in Sources */ = {isa = PBXBuildFile; fileRef = 10B41984271A2E3900D0C518 /* ViewController.swift */; };
		10B41988271A2E3900D0C518 /* Main.storyboard in Resources */ = {isa = PBXBuildFile; fileRef = 10B41986271A2E3900D0C518 /* Main.storyboard */; };
		10B4198B271A2E3900D0C518 /* DiffableDataSource.xcdatamodeld in Sources */ = {isa = PBXBuildFile; fileRef = 10B41989271A2E3900D0C518 /* DiffableDataSource.xcdatamodeld */; };
		10B4198D271A2E3C00D0C518 /* Assets.xcassets in Resources */ = {isa = PBXBuildFile; fileRef = 10B4198C271A2E3C00D0C518 /* Assets.xcassets */; };
		10B41990271A2E3C00D0C518 /* LaunchScreen.storyboard in Resources */ = {isa = PBXBuildFile; fileRef = 10B4198E271A2E3C00D0C518 /* LaunchScreen.storyboard */; };
		10B41998271A3E6E00D0C518 /* APICaller.swift in Sources */ = {isa = PBXBuildFile; fileRef = 10B41997271A3E6E00D0C518 /* APICaller.swift */; };
		10B4199A271A3F3500D0C518 /* NewsCollectionViewCell.swift in Sources */ = {isa = PBXBuildFile; fileRef = 10B41999271A3F3500D0C518 /* NewsCollectionViewCell.swift */; };
/* End PBXBuildFile section */

/* Begin PBXFileReference section */
		10B4197D271A2E3900D0C518 /* DiffableDataSource.app */ = {isa = PBXFileReference; explicitFileType = wrapper.application; includeInIndex = 0; path = DiffableDataSource.app; sourceTree = BUILT_PRODUCTS_DIR; };
		10B41980271A2E3900D0C518 /* AppDelegate.swift */ = {isa = PBXFileReference; lastKnownFileType = sourcecode.swift; path = AppDelegate.swift; sourceTree = "<group>"; };
		10B41982271A2E3900D0C518 /* SceneDelegate.swift */ = {isa = PBXFileReference; lastKnownFileType = sourcecode.swift; path = SceneDelegate.swift; sourceTree = "<group>"; };
		10B41984271A2E3900D0C518 /* ViewController.swift */ = {isa = PBXFileReference; lastKnownFileType = sourcecode.swift; path = ViewController.swift; sourceTree = "<group>"; };
		10B41987271A2E3900D0C518 /* Base */ = {isa = PBXFileReference; lastKnownFileType = file.storyboard; name = Base; path = Base.lproj/Main.storyboard; sourceTree = "<group>"; };
		10B4198A271A2E3900D0C518 /* DiffableDataSource.xcdatamodel */ = {isa = PBXFileReference; lastKnownFileType = wrapper.xcdatamodel; path = DiffableDataSource.xcdatamodel; sourceTree = "<group>"; };
		10B4198C271A2E3C00D0C518 /* Assets.xcassets */ = {isa = PBXFileReference; lastKnownFileType = folder.assetcatalog; path = Assets.xcassets; sourceTree = "<group>"; };
		10B4198F271A2E3C00D0C518 /* Base */ = {isa = PBXFileReference; lastKnownFileType = file.storyboard; name = Base; path = Base.lproj/LaunchScreen.storyboard; sourceTree = "<group>"; };
		10B41991271A2E3C00D0C518 /* Info.plist */ = {isa = PBXFileReference; lastKnownFileType = text.plist.xml; path = Info.plist; sourceTree = "<group>"; };
		10B41997271A3E6E00D0C518 /* APICaller.swift */ = {isa = PBXFileReference; lastKnownFileType = sourcecode.swift; path = APICaller.swift; sourceTree = "<group>"; };
		10B41999271A3F3500D0C518 /* NewsCollectionViewCell.swift */ = {isa = PBXFileReference; lastKnownFileType = sourcecode.swift; path = NewsCollectionViewCell.swift; sourceTree = "<group>"; };
/* End PBXFileReference section */

/* Begin PBXFrameworksBuildPhase section */
		10B4197A271A2E3900D0C518 /* Frameworks */ = {
			isa = PBXFrameworksBuildPhase;
			buildActionMask = 2147483647;
			files = (
			);
			runOnlyForDeploymentPostprocessing = 0;
		};
/* End PBXFrameworksBuildPhase section */

/* Begin PBXGroup section */
		10B41974271A2E3900D0C518 = {
			isa = PBXGroup;
			children = (
				10B4197F271A2E3900D0C518 /* DiffableDataSource */,
				10B4197E271A2E3900D0C518 /* Products */,
			);
			sourceTree = "<group>";
		};
		10B4197E271A2E3900D0C518 /* Products */ = {
			isa = PBXGroup;
			children = (
				10B4197D271A2E3900D0C518 /* DiffableDataSource.app */,
			);
			name = Products;
			sourceTree = "<group>";
		};
		10B4197F271A2E3900D0C518 /* DiffableDataSource */ = {
			isa = PBXGroup;
			children = (
				10B41980271A2E3900D0C518 /* AppDelegate.swift */,
				10B41982271A2E3900D0C518 /* SceneDelegate.swift */,
				10B41984271A2E3900D0C518 /* ViewController.swift */,
				10B41999271A3F3500D0C518 /* NewsCollectionViewCell.swift */,
				10B41997271A3E6E00D0C518 /* APICaller.swift */,
				10B41986271A2E3900D0C518 /* Main.storyboard */,
				10B4198C271A2E3C00D0C518 /* Assets.xcassets */,
				10B4198E271A2E3C00D0C518 /* LaunchScreen.storyboard */,
				10B41991271A2E3C00D0C518 /* Info.plist */,
				10B41989271A2E3900D0C518 /* DiffableDataSource.xcdatamodeld */,
			);
			path = DiffableDataSource;
			sourceTree = "<group>";
		};
/* End PBXGroup section */

/* Begin PBXNativeTarget section */
		10B4197C271A2E3900D0C518 /* DiffableDataSource */ = {
			isa = PBXNativeTarget;
			buildConfigurationList = 10B41994271A2E3C00D0C518 /* Build configuration list for PBXNativeTarget "DiffableDataSource" */;
			buildPhases = (
				10B41979271A2E3900D0C518 /* Sources */,
				10B4197A271A2E3900D0C518 /* Frameworks */,
				10B4197B271A2E3900D0C518 /* Resources */,
			);
			buildRules = (
			);
			dependencies = (
			);
			name = DiffableDataSource;
			productName = DiffableDataSource;
			productReference = 10B4197D271A2E3900D0C518 /* DiffableDataSource.app */;
			productType = "com.apple.product-type.application";
		};
/* End PBXNativeTarget section */

/* Begin PBXProject section */
		10B41975271A2E3900D0C518 /* Project object */ = {
			isa = PBXProject;
			attributes = {
				LastSwiftUpdateCheck = 1250;
				LastUpgradeCheck = 1250;
				TargetAttributes = {
					10B4197C271A2E3900D0C518 = {
						CreatedOnToolsVersion = 12.5.1;
					};
				};
			};
			buildConfigurationList = 10B41978271A2E3900D0C518 /* Build configuration list for PBXProject "DiffableDataSource" */;
			compatibilityVersion = "Xcode 9.3";
			developmentRegion = en;
			hasScannedForEncodings = 0;
			knownRegions = (
				en,
				Base,
			);
			mainGroup = 10B41974271A2E3900D0C518;
			productRefGroup = 10B4197E271A2E3900D0C518 /* Products */;
			projectDirPath = "";
			projectRoot = "";
			targets = (
				10B4197C271A2E3900D0C518 /* DiffableDataSource */,
			);
		};
/* End PBXProject section */

/* Begin PBXResourcesBuildPhase section */
		10B4197B271A2E3900D0C518 /* Resources */ = {
			isa = PBXResourcesBuildPhase;
			buildActionMask = 2147483647;
			files = (
				10B41990271A2E3C00D0C518 /* LaunchScreen.storyboard in Resources */,
				10B4198D271A2E3C00D0C518 /* Assets.xcassets in Resources */,
				10B41988271A2E3900D0C518 /* Main.storyboard in Resources */,
			);
			runOnlyForDeploymentPostprocessing = 0;
		};
/* End PBXResourcesBuildPhase section */

/* Begin PBXSourcesBuildPhase section */
		10B41979271A2E3900D0C518 /* Sources */ = {
			isa = PBXSourcesBuildPhase;
			buildActionMask = 2147483647;
			files = (
				10B41985271A2E3900D0C518 /* ViewController.swift in Sources */,
				10B4199A271A3F3500D0C518 /* NewsCollectionViewCell.swift in Sources */,
				10B41981271A2E3900D0C518 /* AppDelegate.swift in Sources */,
				10B41983271A2E3900D0C518 /* SceneDelegate.swift in Sources */,
				10B41998271A3E6E00D0C518 /* APICaller.swift in Sources */,
				10B4198B271A2E3900D0C518 /* DiffableDataSource.xcdatamodeld in Sources */,
			);
			runOnlyForDeploymentPostprocessing = 0;
		};
/* End PBXSourcesBuildPhase section */

/* Begin PBXVariantGroup section */
		10B41986271A2E3900D0C518 /* Main.storyboard */ = {
			isa = PBXVariantGroup;
			children = (
				10B41987271A2E3900D0C518 /* Base */,
			);
			name = Main.storyboard;
			sourceTree = "<group>";
		};
		10B4198E271A2E3C00D0C518 /* LaunchScreen.storyboard */ = {
			isa = PBXVariantGroup;
			children = (
				10B4198F271A2E3C00D0C518 /* Base */,
			);
			name = LaunchScreen.storyboard;
			sourceTree = "<group>";
		};
/* End PBXVariantGroup section */

/* Begin XCBuildConfiguration section */
		10B41992271A2E3C00D0C518 /* Debug */ = {
			isa = XCBuildConfiguration;
			buildSettings = {
				ALWAYS_SEARCH_USER_PATHS = NO;
				CLANG_ANALYZER_NONNULL = YES;
				CLANG_ANALYZER_NUMBER_OBJECT_CONVERSION = YES_AGGRESSIVE;
				CLANG_CXX_LANGUAGE_STANDARD = "gnu++14";
				CLANG_CXX_LIBRARY = "libc++";
				CLANG_ENABLE_MODULES = YES;
				CLANG_ENABLE_OBJC_ARC = YES;
				CLANG_ENABLE_OBJC_WEAK = YES;
				CLANG_WARN_BLOCK_CAPTURE_AUTORELEASING = YES;
				CLANG_WARN_BOOL_CONVERSION = YES;
				CLANG_WARN_COMMA = YES;
				CLANG_WARN_CONSTANT_CONVERSION = YES;
				CLANG_WARN_DEPRECATED_OBJC_IMPLEMENTATIONS = YES;
				CLANG_WARN_DIRECT_OBJC_ISA_USAGE = YES_ERROR;
				CLANG_WARN_DOCUMENTATION_COMMENTS = YES;
				CLANG_WARN_EMPTY_BODY = YES;
				CLANG_WARN_ENUM_CONVERSION = YES;
				CLANG_WARN_INFINITE_RECURSION = YES;
				CLANG_WARN_INT_CONVERSION = YES;
				CLANG_WARN_NON_LITERAL_NULL_CONVERSION = YES;
				CLANG_WARN_OBJC_IMPLICIT_RETAIN_SELF = YES;
				CLANG_WARN_OBJC_LITERAL_CONVERSION = YES;
				CLANG_WARN_OBJC_ROOT_CLASS = YES_ERROR;
				CLANG_WARN_QUOTED_INCLUDE_IN_FRAMEWORK_HEADER = YES;
				CLANG_WARN_RANGE_LOOP_ANALYSIS = YES;
				CLANG_WARN_STRICT_PROTOTYPES = YES;
				CLANG_WARN_SUSPICIOUS_MOVE = YES;
				CLANG_WARN_UNGUARDED_AVAILABILITY = YES_AGGRESSIVE;
				CLANG_WARN_UNREACHABLE_CODE = YES;
				CLANG_WARN__DUPLICATE_METHOD_MATCH = YES;
				COPY_PHASE_STRIP = NO;
				DEBUG_INFORMATION_FORMAT = dwarf;
				ENABLE_STRICT_OBJC_MSGSEND = YES;
				ENABLE_TESTABILITY = YES;
				GCC_C_LANGUAGE_STANDARD = gnu11;
				GCC_DYNAMIC_NO_PIC = NO;
				GCC_NO_COMMON_BLOCKS = YES;
				GCC_OPTIMIZATION_LEVEL = 0;
				GCC_PREPROCESSOR_DEFINITIONS = (
					"DEBUG=1",
					"$(inherited)",
				);
				GCC_WARN_64_TO_32_BIT_CONVERSION = YES;
				GCC_WARN_ABOUT_RETURN_TYPE = YES_ERROR;
				GCC_WARN_UNDECLARED_SELECTOR = YES;
				GCC_WARN_UNINITIALIZED_AUTOS = YES_AGGRESSIVE;
				GCC_WARN_UNUSED_FUNCTION = YES;
				GCC_WARN_UNUSED_VARIABLE = YES;
				IPHONEOS_DEPLOYMENT_TARGET = 14.5;
				MTL_ENABLE_DEBUG_INFO = INCLUDE_SOURCE;
				MTL_FAST_MATH = YES;
				ONLY_ACTIVE_ARCH = YES;
				SDKROOT = iphoneos;
				SWIFT_ACTIVE_COMPILATION_CONDITIONS = DEBUG;
				SWIFT_OPTIMIZATION_LEVEL = "-Onone";
			};
			name = Debug;
		};
		10B41993271A2E3C00D0C518 /* Release */ = {
			isa = XCBuildConfiguration;
			buildSettings = {
				ALWAYS_SEARCH_USER_PATHS = NO;
				CLANG_ANALYZER_NONNULL = YES;
				CLANG_ANALYZER_NUMBER_OBJECT_CONVERSION = YES_AGGRESSIVE;
				CLANG_CXX_LANGUAGE_STANDARD = "gnu++14";
				CLANG_CXX_LIBRARY = "libc++";
				CLANG_ENABLE_MODULES = YES;
				CLANG_ENABLE_OBJC_ARC = YES;
				CLANG_ENABLE_OBJC_WEAK = YES;
				CLANG_WARN_BLOCK_CAPTURE_AUTORELEASING = YES;
				CLANG_WARN_BOOL_CONVERSION = YES;
				CLANG_WARN_COMMA = YES;
				CLANG_WARN_CONSTANT_CONVERSION = YES;
				CLANG_WARN_DEPRECATED_OBJC_IMPLEMENTATIONS = YES;
				CLANG_WARN_DIRECT_OBJC_ISA_USAGE = YES_ERROR;
				CLANG_WARN_DOCUMENTATION_COMMENTS = YES;
				CLANG_WARN_EMPTY_BODY = YES;
				CLANG_WARN_ENUM_CONVERSION = YES;
				CLANG_WARN_INFINITE_RECURSION = YES;
				CLANG_WARN_INT_CONVERSION = YES;
				CLANG_WARN_NON_LITERAL_NULL_CONVERSION = YES;
				CLANG_WARN_OBJC_IMPLICIT_RETAIN_SELF = YES;
				CLANG_WARN_OBJC_LITERAL_CONVERSION = YES;
				CLANG_WARN_OBJC_ROOT_CLASS = YES_ERROR;
				CLANG_WARN_QUOTED_INCLUDE_IN_FRAMEWORK_HEADER = YES;
				CLANG_WARN_RANGE_LOOP_ANALYSIS = YES;
				CLANG_WARN_STRICT_PROTOTYPES = YES;
				CLANG_WARN_SUSPICIOUS_MOVE = YES;
				CLANG_WARN_UNGUARDED_AVAILABILITY = YES_AGGRESSIVE;
				CLANG_WARN_UNREACHABLE_CODE = YES;
				CLANG_WARN__DUPLICATE_METHOD_MATCH = YES;
				COPY_PHASE_STRIP = NO;
				DEBUG_INFORMATION_FORMAT = "dwarf-with-dsym";
				ENABLE_NS_ASSERTIONS = NO;
				ENABLE_STRICT_OBJC_MSGSEND = YES;
				GCC_C_LANGUAGE_STANDARD = gnu11;
				GCC_NO_COMMON_BLOCKS = YES;
				GCC_WARN_64_TO_32_BIT_CONVERSION = YES;
				GCC_WARN_ABOUT_RETURN_TYPE = YES_ERROR;
				GCC_WARN_UNDECLARED_SELECTOR = YES;
				GCC_WARN_UNINITIALIZED_AUTOS = YES_AGGRESSIVE;
				GCC_WARN_UNUSED_FUNCTION = YES;
				GCC_WARN_UNUSED_VARIABLE = YES;
				IPHONEOS_DEPLOYMENT_TARGET = 14.5;
				MTL_ENABLE_DEBUG_INFO = NO;
				MTL_FAST_MATH = YES;
				SDKROOT = iphoneos;
				SWIFT_COMPILATION_MODE = wholemodule;
				SWIFT_OPTIMIZATION_LEVEL = "-O";
				VALIDATE_PRODUCT = YES;
			};
			name = Release;
		};
		10B41995271A2E3C00D0C518 /* Debug */ = {
			isa = XCBuildConfiguration;
			buildSettings = {
				ASSETCATALOG_COMPILER_APPICON_NAME = AppIcon;
				ASSETCATALOG_COMPILER_GLOBAL_ACCENT_COLOR_NAME = AccentColor;
				CODE_SIGN_STYLE = Automatic;
				DEVELOPMENT_TEAM = D527WK2VL6;
				INFOPLIST_FILE = DiffableDataSource/Info.plist;
				LD_RUNPATH_SEARCH_PATHS = (
					"$(inherited)",
					"@executable_path/Frameworks",
				);
				PRODUCT_BUNDLE_IDENTIFIER = DiffableDataSource.com.DiffableDataSource;
				PRODUCT_NAME = "$(TARGET_NAME)";
				SWIFT_VERSION = 5.0;
				TARGETED_DEVICE_FAMILY = "1,2";
			};
			name = Debug;
		};
		10B41996271A2E3C00D0C518 /* Release */ = {
			isa = XCBuildConfiguration;
			buildSettings = {
				ASSETCATALOG_COMPILER_APPICON_NAME = AppIcon;
				ASSETCATALOG_COMPILER_GLOBAL_ACCENT_COLOR_NAME = AccentColor;
				CODE_SIGN_STYLE = Automatic;
				DEVELOPMENT_TEAM = D527WK2VL6;
				INFOPLIST_FILE = DiffableDataSource/Info.plist;
				LD_RUNPATH_SEARCH_PATHS = (
					"$(inherited)",
					"@executable_path/Frameworks",
				);
				PRODUCT_BUNDLE_IDENTIFIER = DiffableDataSource.com.DiffableDataSource;
				PRODUCT_NAME = "$(TARGET_NAME)";
				SWIFT_VERSION = 5.0;
				TARGETED_DEVICE_FAMILY = "1,2";
			};
			name = Release;
		};
/* End XCBuildConfiguration section */

/* Begin XCConfigurationList section */
		10B41978271A2E3900D0C518 /* Build configuration list for PBXProject "DiffableDataSource" */ = {
			isa = XCConfigurationList;
			buildConfigurations = (
				10B41992271A2E3C00D0C518 /* Debug */,
				10B41993271A2E3C00D0C518 /* Release */,
			);
			defaultConfigurationIsVisible = 0;
			defaultConfigurationName = Release;
		};
		10B41994271A2E3C00D0C518 /* Build configuration list for PBXNativeTarget "DiffableDataSource" */ = {
			isa = XCConfigurationList;
			buildConfigurations = (
				10B41995271A2E3C00D0C518 /* Debug */,
				10B41996271A2E3C00D0C518 /* Release */,
			);
			defaultConfigurationIsVisible = 0;
			defaultConfigurationName = Release;
		};
/* End XCConfigurationList section */

/* Begin XCVersionGroup section */
		10B41989271A2E3900D0C518 /* DiffableDataSource.xcdatamodeld */ = {
			isa = XCVersionGroup;
			children = (
				10B4198A271A2E3900D0C518 /* DiffableDataSource.xcdatamodel */,
			);
			currentVersion = 10B4198A271A2E3900D0C518 /* DiffableDataSource.xcdatamodel */;
			path = DiffableDataSource.xcdatamodeld;
			sourceTree = "<group>";
			versionGroupType = wrapper.xcdatamodel;
		};
/* End XCVersionGroup section */
	};
	rootObject = 10B41975271A2E3900D0C518 /* Project object */;
}
